
Microsoft Visual Studio Solution File, Format Version 12.00
# Visual Studio Version 17
VisualStudioVersion = 17.3.32825.248
MinimumVisualStudioVersion = 10.0.40219.1
Project("{FAE04EC0-301F-11D3-BF4B-00C04F79EFBC}") = "TG_Bot_12_12_2022", "TG_Bot_12_12_2022\TG_Bot_12_12_2022.csproj", "{864B6FB8-767E-4DE7-8C52-847AA211B0BC}"
EndProject
Global
	GlobalSection(SolutionConfigurationPlatforms) = preSolution
		Debug|Any CPU = Debug|Any CPU
		Release|Any CPU = Release|Any CPU
	EndGlobalSection
	GlobalSection(ProjectConfigurationPlatforms) = postSolution
		{864B6FB8-767E-4DE7-8C52-847AA211B0BC}.Debug|Any CPU.ActiveCfg = Debug|Any CPU
		{864B6FB8-767E-4DE7-8C52-847AA211B0BC}.Debug|Any CPU.Build.0 = Debug|Any CPU
		{864B6FB8-767E-4DE7-8C52-847AA211B0BC}.Release|Any CPU.ActiveCfg = Release|Any CPU
		{864B6FB8-767E-4DE7-8C52-847AA211B0BC}.Release|Any CPU.Build.0 = Release|Any CPU
	EndGlobalSection
	GlobalSection(SolutionProperties) = preSolution
		HideSolutionNode = FALSE
	EndGlobalSection
	GlobalSection(ExtensibilityGlobals) = postSolution
		SolutionGuid = {3B748D49-4E4C-44CC-9921-13F79D1C97D0}
	EndGlobalSection
EndGlobal
